
Microsoft Visual Studio Solution File, Format Version 12.00
# Visual Studio Version 17
VisualStudioVersion = 17.14.36408.4 d17.14
MinimumVisualStudioVersion = 10.0.40219.1
Project("{FAE04EC0-301F-11D3-BF4B-00C04F79EFBC}") = "ShellOverlay", "ShellOverlay\ShellOverlay.csproj", "{8C4664B6-9A97-4121-9D5B-D4ABAD65AE02}"
EndProject
Global
	GlobalSection(SolutionConfigurationPlatforms) = preSolution
		Debug|Any CPU = Debug|Any CPU
		Release|Any CPU = Release|Any CPU
	EndGlobalSection
	GlobalSection(ProjectConfigurationPlatforms) = postSolution
		{8C4664B6-9A97-4121-9D5B-D4ABAD65AE02}.Debug|Any CPU.ActiveCfg = Debug|Any CPU
		{8C4664B6-9A97-4121-9D5B-D4ABAD65AE02}.Debug|Any CPU.Build.0 = Debug|Any CPU
		{8C4664B6-9A97-4121-9D5B-D4ABAD65AE02}.Release|Any CPU.ActiveCfg = Release|Any CPU
		{8C4664B6-9A97-4121-9D5B-D4ABAD65AE02}.Release|Any CPU.Build.0 = Release|Any CPU
	EndGlobalSection
	GlobalSection(SolutionProperties) = preSolution
		HideSolutionNode = FALSE
	EndGlobalSection
	GlobalSection(ExtensibilityGlobals) = postSolution
		SolutionGuid = {567AA3C8-1BB8-4BF5-A013-13348F4F2B2B}
	EndGlobalSection
EndGlobal
